// !$*UTF8*$!
{
	archiveVersion = 1;
	classes = {
	};
	objectVersion = 50;
	objects = {

/* Begin PBXBuildFile section */
		D6FDF36D2217FC2100219799 /* AppDelegate.m in Sources */ = {isa = PBXBuildFile; fileRef = D6FDF36C2217FC2100219799 /* AppDelegate.m */; };
		D6FDF3702217FC2100219799 /* ViewController.m in Sources */ = {isa = PBXBuildFile; fileRef = D6FDF36F2217FC2100219799 /* ViewController.m */; };
		D6FDF3732217FC2100219799 /* Main.storyboard in Resources */ = {isa = PBXBuildFile; fileRef = D6FDF3712217FC2100219799 /* Main.storyboard */; };
		D6FDF3752217FC2300219799 /* Assets.xcassets in Resources */ = {isa = PBXBuildFile; fileRef = D6FDF3742217FC2300219799 /* Assets.xcassets */; };
		D6FDF3782217FC2300219799 /* LaunchScreen.storyboard in Resources */ = {isa = PBXBuildFile; fileRef = D6FDF3762217FC2300219799 /* LaunchScreen.storyboard */; };
		D6FDF37B2217FC2300219799 /* main.m in Sources */ = {isa = PBXBuildFile; fileRef = D6FDF37A2217FC2300219799 /* main.m */; };
		D6FDF3872218F51000219799 /* GHWaterFallLabel.m in Sources */ = {isa = PBXBuildFile; fileRef = D6FDF3862218F51000219799 /* GHWaterFallLabel.m */; };
		D6FDF38C2218F55700219799 /* UIView+Extension.m in Sources */ = {isa = PBXBuildFile; fileRef = D6FDF3892218F55700219799 /* UIView+Extension.m */; };
		D6FDF38D2218F55700219799 /* NSArray+Bounds.m in Sources */ = {isa = PBXBuildFile; fileRef = D6FDF38B2218F55700219799 /* NSArray+Bounds.m */; };
		D6FDF5B2221E8DD000219799 /* README.md in Resources */ = {isa = PBXBuildFile; fileRef = D6FDF5B1221E8DD000219799 /* README.md */; };
/* End PBXBuildFile section */

/* Begin PBXFileReference section */
		D6FDF3682217FC2100219799 /* GHWaterFallLabelDemo.app */ = {isa = PBXFileReference; explicitFileType = wrapper.application; includeInIndex = 0; path = GHWaterFallLabelDemo.app; sourceTree = BUILT_PRODUCTS_DIR; };
		D6FDF36B2217FC2100219799 /* AppDelegate.h */ = {isa = PBXFileReference; lastKnownFileType = sourcecode.c.h; path = AppDelegate.h; sourceTree = "<group>"; };
		D6FDF36C2217FC2100219799 /* AppDelegate.m */ = {isa = PBXFileReference; lastKnownFileType = sourcecode.c.objc; path = AppDelegate.m; sourceTree = "<group>"; };
		D6FDF36E2217FC2100219799 /* ViewController.h */ = {isa = PBXFileReference; lastKnownFileType = sourcecode.c.h; path = ViewController.h; sourceTree = "<group>"; };
		D6FDF36F2217FC2100219799 /* ViewController.m */ = {isa = PBXFileReference; lastKnownFileType = sourcecode.c.objc; path = ViewController.m; sourceTree = "<group>"; };
		D6FDF3722217FC2100219799 /* Base */ = {isa = PBXFileReference; lastKnownFileType = file.storyboard; name = Base; path = Base.lproj/Main.storyboard; sourceTree = "<group>"; };
		D6FDF3742217FC2300219799 /* Assets.xcassets */ = {isa = PBXFileReference; lastKnownFileType = folder.assetcatalog; path = Assets.xcassets; sourceTree = "<group>"; };
		D6FDF3772217FC2300219799 /* Base */ = {isa = PBXFileReference; lastKnownFileType = file.storyboard; name = Base; path = Base.lproj/LaunchScreen.storyboard; sourceTree = "<group>"; };
		D6FDF3792217FC2300219799 /* Info.plist */ = {isa = PBXFileReference; lastKnownFileType = text.plist.xml; path = Info.plist; sourceTree = "<group>"; };
		D6FDF37A2217FC2300219799 /* main.m */ = {isa = PBXFileReference; lastKnownFileType = sourcecode.c.objc; path = main.m; sourceTree = "<group>"; };
		D6FDF3852218F51000219799 /* GHWaterFallLabel.h */ = {isa = PBXFileReference; fileEncoding = 4; lastKnownFileType = sourcecode.c.h; path = GHWaterFallLabel.h; sourceTree = "<group>"; };
		D6FDF3862218F51000219799 /* GHWaterFallLabel.m */ = {isa = PBXFileReference; fileEncoding = 4; lastKnownFileType = sourcecode.c.objc; path = GHWaterFallLabel.m; sourceTree = "<group>"; };
		D6FDF3882218F55700219799 /* NSArray+Bounds.h */ = {isa = PBXFileReference; fileEncoding = 4; lastKnownFileType = sourcecode.c.h; path = "NSArray+Bounds.h"; sourceTree = "<group>"; };
		D6FDF3892218F55700219799 /* UIView+Extension.m */ = {isa = PBXFileReference; fileEncoding = 4; lastKnownFileType = sourcecode.c.objc; path = "UIView+Extension.m"; sourceTree = "<group>"; };
		D6FDF38A2218F55700219799 /* UIView+Extension.h */ = {isa = PBXFileReference; fileEncoding = 4; lastKnownFileType = sourcecode.c.h; path = "UIView+Extension.h"; sourceTree = "<group>"; };
		D6FDF38B2218F55700219799 /* NSArray+Bounds.m */ = {isa = PBXFileReference; fileEncoding = 4; lastKnownFileType = sourcecode.c.objc; path = "NSArray+Bounds.m"; sourceTree = "<group>"; };
		D6FDF5B1221E8DD000219799 /* README.md */ = {isa = PBXFileReference; fileEncoding = 4; lastKnownFileType = net.daringfireball.markdown; path = README.md; sourceTree = SOURCE_ROOT; };
/* End PBXFileReference section */

/* Begin PBXFrameworksBuildPhase section */
		D6FDF3652217FC2100219799 /* Frameworks */ = {
			isa = PBXFrameworksBuildPhase;
			buildActionMask = 2147483647;
			files = (
			);
			runOnlyForDeploymentPostprocessing = 0;
		};
/* End PBXFrameworksBuildPhase section */

/* Begin PBXGroup section */
		D6FDF35F2217FC2100219799 = {
			isa = PBXGroup;
			children = (
				D6FDF3842218F50900219799 /* GHWaterFallLabel */,
				D6FDF36A2217FC2100219799 /* GHWaterFallLabelDemo */,
				D6FDF3692217FC2100219799 /* Products */,
			);
			sourceTree = "<group>";
		};
		D6FDF3692217FC2100219799 /* Products */ = {
			isa = PBXGroup;
			children = (
				D6FDF3682217FC2100219799 /* GHWaterFallLabelDemo.app */,
			);
			name = Products;
			sourceTree = "<group>";
		};
		D6FDF36A2217FC2100219799 /* GHWaterFallLabelDemo */ = {
			isa = PBXGroup;
			children = (
				D6FDF36B2217FC2100219799 /* AppDelegate.h */,
				D6FDF36C2217FC2100219799 /* AppDelegate.m */,
				D6FDF36E2217FC2100219799 /* ViewController.h */,
				D6FDF36F2217FC2100219799 /* ViewController.m */,
				D6FDF3712217FC2100219799 /* Main.storyboard */,
				D6FDF3742217FC2300219799 /* Assets.xcassets */,
				D6FDF3762217FC2300219799 /* LaunchScreen.storyboard */,
				D6FDF3792217FC2300219799 /* Info.plist */,
				D6FDF37A2217FC2300219799 /* main.m */,
			);
			path = GHWaterFallLabelDemo;
			sourceTree = "<group>";
		};
		D6FDF3842218F50900219799 /* GHWaterFallLabel */ = {
			isa = PBXGroup;
			children = (
				D6FDF5B1221E8DD000219799 /* README.md */,
				D6FDF3852218F51000219799 /* GHWaterFallLabel.h */,
				D6FDF3862218F51000219799 /* GHWaterFallLabel.m */,
				D6FDF3882218F55700219799 /* NSArray+Bounds.h */,
				D6FDF38B2218F55700219799 /* NSArray+Bounds.m */,
				D6FDF38A2218F55700219799 /* UIView+Extension.h */,
				D6FDF3892218F55700219799 /* UIView+Extension.m */,
			);
			path = GHWaterFallLabel;
			sourceTree = "<group>";
		};
/* End PBXGroup section */

/* Begin PBXNativeTarget section */
		D6FDF3672217FC2100219799 /* GHWaterFallLabelDemo */ = {
			isa = PBXNativeTarget;
			buildConfigurationList = D6FDF37E2217FC2300219799 /* Build configuration list for PBXNativeTarget "GHWaterFallLabelDemo" */;
			buildPhases = (
				D6FDF3642217FC2100219799 /* Sources */,
				D6FDF3652217FC2100219799 /* Frameworks */,
				D6FDF3662217FC2100219799 /* Resources */,
			);
			buildRules = (
			);
			dependencies = (
			);
			name = GHWaterFallLabelDemo;
			productName = GHWaterFallLabelDemo;
			productReference = D6FDF3682217FC2100219799 /* GHWaterFallLabelDemo.app */;
			productType = "com.apple.product-type.application";
		};
/* End PBXNativeTarget section */

/* Begin PBXProject section */
		D6FDF3602217FC2100219799 /* Project object */ = {
			isa = PBXProject;
			attributes = {
				LastUpgradeCheck = 1010;
				ORGANIZATIONNAME = GHome;
				TargetAttributes = {
					D6FDF3672217FC2100219799 = {
						CreatedOnToolsVersion = 10.1;
					};
				};
			};
			buildConfigurationList = D6FDF3632217FC2100219799 /* Build configuration list for PBXProject "GHWaterFallLabelDemo" */;
			compatibilityVersion = "Xcode 9.3";
			developmentRegion = en;
			hasScannedForEncodings = 0;
			knownRegions = (
				en,
				Base,
			);
			mainGroup = D6FDF35F2217FC2100219799;
			productRefGroup = D6FDF3692217FC2100219799 /* Products */;
			projectDirPath = "";
			projectRoot = "";
			targets = (
				D6FDF3672217FC2100219799 /* GHWaterFallLabelDemo */,
			);
		};
/* End PBXProject section */

/* Begin PBXResourcesBuildPhase section */
		D6FDF3662217FC2100219799 /* Resources */ = {
			isa = PBXResourcesBuildPhase;
			buildActionMask = 2147483647;
			files = (
				D6FDF3782217FC2300219799 /* LaunchScreen.storyboard in Resources */,
				D6FDF3752217FC2300219799 /* Assets.xcassets in Resources */,
				D6FDF5B2221E8DD000219799 /* README.md in Resources */,
				D6FDF3732217FC2100219799 /* Main.storyboard in Resources */,
			);
			runOnlyForDeploymentPostprocessing = 0;
		};
/* End PBXResourcesBuildPhase section */

/* Begin PBXSourcesBuildPhase section */
		D6FDF3642217FC2100219799 /* Sources */ = {
			isa = PBXSourcesBuildPhase;
			buildActionMask = 2147483647;
			files = (
				D6FDF38C2218F55700219799 /* UIView+Extension.m in Sources */,
				D6FDF3702217FC2100219799 /* ViewController.m in Sources */,
				D6FDF37B2217FC2300219799 /* main.m in Sources */,
				D6FDF38D2218F55700219799 /* NSArray+Bounds.m in Sources */,
				D6FDF3872218F51000219799 /* GHWaterFallLabel.m in Sources */,
				D6FDF36D2217FC2100219799 /* AppDelegate.m in Sources */,
			);
			runOnlyForDeploymentPostprocessing = 0;
		};
/* End PBXSourcesBuildPhase section */

/* Begin PBXVariantGroup section */
		D6FDF3712217FC2100219799 /* Main.storyboard */ = {
			isa = PBXVariantGroup;
			children = (
				D6FDF3722217FC2100219799 /* Base */,
			);
			name = Main.storyboard;
			sourceTree = "<group>";
		};
		D6FDF3762217FC2300219799 /* LaunchScreen.storyboard */ = {
			isa = PBXVariantGroup;
			children = (
				D6FDF3772217FC2300219799 /* Base */,
			);
			name = LaunchScreen.storyboard;
			sourceTree = "<group>";
		};
/* End PBXVariantGroup section */

/* Begin XCBuildConfiguration section */
		D6FDF37C2217FC2300219799 /* Debug */ = {
			isa = XCBuildConfiguration;
			buildSettings = {
				ALWAYS_SEARCH_USER_PATHS = NO;
				CLANG_ANALYZER_NONNULL = YES;
				CLANG_ANALYZER_NUMBER_OBJECT_CONVERSION = YES_AGGRESSIVE;
				CLANG_CXX_LANGUAGE_STANDARD = "gnu++14";
				CLANG_CXX_LIBRARY = "libc++";
				CLANG_ENABLE_MODULES = YES;
				CLANG_ENABLE_OBJC_ARC = YES;
				CLANG_ENABLE_OBJC_WEAK = YES;
				CLANG_WARN_BLOCK_CAPTURE_AUTORELEASING = YES;
				CLANG_WARN_BOOL_CONVERSION = YES;
				CLANG_WARN_COMMA = YES;
				CLANG_WARN_CONSTANT_CONVERSION = YES;
				CLANG_WARN_DEPRECATED_OBJC_IMPLEMENTATIONS = YES;
				CLANG_WARN_DIRECT_OBJC_ISA_USAGE = YES_ERROR;
				CLANG_WARN_DOCUMENTATION_COMMENTS = YES;
				CLANG_WARN_EMPTY_BODY = YES;
				CLANG_WARN_ENUM_CONVERSION = YES;
				CLANG_WARN_INFINITE_RECURSION = YES;
				CLANG_WARN_INT_CONVERSION = YES;
				CLANG_WARN_NON_LITERAL_NULL_CONVERSION = YES;
				CLANG_WARN_OBJC_IMPLICIT_RETAIN_SELF = YES;
				CLANG_WARN_OBJC_LITERAL_CONVERSION = YES;
				CLANG_WARN_OBJC_ROOT_CLASS = YES_ERROR;
				CLANG_WARN_RANGE_LOOP_ANALYSIS = YES;
				CLANG_WARN_STRICT_PROTOTYPES = YES;
				CLANG_WARN_SUSPICIOUS_MOVE = YES;
				CLANG_WARN_UNGUARDED_AVAILABILITY = YES_AGGRESSIVE;
				CLANG_WARN_UNREACHABLE_CODE = YES;
				CLANG_WARN__DUPLICATE_METHOD_MATCH = YES;
				CODE_SIGN_IDENTITY = "iPhone Developer";
				COPY_PHASE_STRIP = NO;
				DEBUG_INFORMATION_FORMAT = dwarf;
				ENABLE_STRICT_OBJC_MSGSEND = YES;
				ENABLE_TESTABILITY = YES;
				GCC_C_LANGUAGE_STANDARD = gnu11;
				GCC_DYNAMIC_NO_PIC = NO;
				GCC_NO_COMMON_BLOCKS = YES;
				GCC_OPTIMIZATION_LEVEL = 0;
				GCC_PREPROCESSOR_DEFINITIONS = (
					"DEBUG=1",
					"$(inherited)",
				);
				GCC_WARN_64_TO_32_BIT_CONVERSION = YES;
				GCC_WARN_ABOUT_RETURN_TYPE = YES_ERROR;
				GCC_WARN_UNDECLARED_SELECTOR = YES;
				GCC_WARN_UNINITIALIZED_AUTOS = YES_AGGRESSIVE;
				GCC_WARN_UNUSED_FUNCTION = YES;
				GCC_WARN_UNUSED_VARIABLE = YES;
				IPHONEOS_DEPLOYMENT_TARGET = 12.1;
				MTL_ENABLE_DEBUG_INFO = INCLUDE_SOURCE;
				MTL_FAST_MATH = YES;
				ONLY_ACTIVE_ARCH = YES;
				SDKROOT = iphoneos;
			};
			name = Debug;
		};
		D6FDF37D2217FC2300219799 /* Release */ = {
			isa = XCBuildConfiguration;
			buildSettings = {
				ALWAYS_SEARCH_USER_PATHS = NO;
				CLANG_ANALYZER_NONNULL = YES;
				CLANG_ANALYZER_NUMBER_OBJECT_CONVERSION = YES_AGGRESSIVE;
				CLANG_CXX_LANGUAGE_STANDARD = "gnu++14";
				CLANG_CXX_LIBRARY = "libc++";
				CLANG_ENABLE_MODULES = YES;
				CLANG_ENABLE_OBJC_ARC = YES;
				CLANG_ENABLE_OBJC_WEAK = YES;
				CLANG_WARN_BLOCK_CAPTURE_AUTORELEASING = YES;
				CLANG_WARN_BOOL_CONVERSION = YES;
				CLANG_WARN_COMMA = YES;
				CLANG_WARN_CONSTANT_CONVERSION = YES;
				CLANG_WARN_DEPRECATED_OBJC_IMPLEMENTATIONS = YES;
				CLANG_WARN_DIRECT_OBJC_ISA_USAGE = YES_ERROR;
				CLANG_WARN_DOCUMENTATION_COMMENTS = YES;
				CLANG_WARN_EMPTY_BODY = YES;
				CLANG_WARN_ENUM_CONVERSION = YES;
				CLANG_WARN_INFINITE_RECURSION = YES;
				CLANG_WARN_INT_CONVERSION = YES;
				CLANG_WARN_NON_LITERAL_NULL_CONVERSION = YES;
				CLANG_WARN_OBJC_IMPLICIT_RETAIN_SELF = YES;
				CLANG_WARN_OBJC_LITERAL_CONVERSION = YES;
				CLANG_WARN_OBJC_ROOT_CLASS = YES_ERROR;
				CLANG_WARN_RANGE_LOOP_ANALYSIS = YES;
				CLANG_WARN_STRICT_PROTOTYPES = YES;
				CLANG_WARN_SUSPICIOUS_MOVE = YES;
				CLANG_WARN_UNGUARDED_AVAILABILITY = YES_AGGRESSIVE;
				CLANG_WARN_UNREACHABLE_CODE = YES;
				CLANG_WARN__DUPLICATE_METHOD_MATCH = YES;
				CODE_SIGN_IDENTITY = "iPhone Developer";
				COPY_PHASE_STRIP = NO;
				DEBUG_INFORMATION_FORMAT = "dwarf-with-dsym";
				ENABLE_NS_ASSERTIONS = NO;
				ENABLE_STRICT_OBJC_MSGSEND = YES;
				GCC_C_LANGUAGE_STANDARD = gnu11;
				GCC_NO_COMMON_BLOCKS = YES;
				GCC_WARN_64_TO_32_BIT_CONVERSION = YES;
				GCC_WARN_ABOUT_RETURN_TYPE = YES_ERROR;
				GCC_WARN_UNDECLARED_SELECTOR = YES;
				GCC_WARN_UNINITIALIZED_AUTOS = YES_AGGRESSIVE;
				GCC_WARN_UNUSED_FUNCTION = YES;
				GCC_WARN_UNUSED_VARIABLE = YES;
				IPHONEOS_DEPLOYMENT_TARGET = 12.1;
				MTL_ENABLE_DEBUG_INFO = NO;
				MTL_FAST_MATH = YES;
				SDKROOT = iphoneos;
				VALIDATE_PRODUCT = YES;
			};
			name = Release;
		};
		D6FDF37F2217FC2300219799 /* Debug */ = {
			isa = XCBuildConfiguration;
			buildSettings = {
				ASSETCATALOG_COMPILER_APPICON_NAME = AppIcon;
				CODE_SIGN_STYLE = Automatic;
				DEVELOPMENT_TEAM = KZ9JB9ZT4S;
				INFOPLIST_FILE = GHWaterFallLabelDemo/Info.plist;
				LD_RUNPATH_SEARCH_PATHS = (
					"$(inherited)",
					"@executable_path/Frameworks",
				);
				PRODUCT_BUNDLE_IDENTIFIER = GHome.GHWaterFallLabelDemo;
				PRODUCT_NAME = "$(TARGET_NAME)";
				TARGETED_DEVICE_FAMILY = "1,2";
			};
			name = Debug;
		};
		D6FDF3802217FC2300219799 /* Release */ = {
			isa = XCBuildConfiguration;
			buildSettings = {
				ASSETCATALOG_COMPILER_APPICON_NAME = AppIcon;
				CODE_SIGN_STYLE = Automatic;
				DEVELOPMENT_TEAM = KZ9JB9ZT4S;
				INFOPLIST_FILE = GHWaterFallLabelDemo/Info.plist;
				LD_RUNPATH_SEARCH_PATHS = (
					"$(inherited)",
					"@executable_path/Frameworks",
				);
				PRODUCT_BUNDLE_IDENTIFIER = GHome.GHWaterFallLabelDemo;
				PRODUCT_NAME = "$(TARGET_NAME)";
				TARGETED_DEVICE_FAMILY = "1,2";
			};
			name = Release;
		};
/* End XCBuildConfiguration section */

/* Begin XCConfigurationList section */
		D6FDF3632217FC2100219799 /* Build configuration list for PBXProject "GHWaterFallLabelDemo" */ = {
			isa = XCConfigurationList;
			buildConfigurations = (
				D6FDF37C2217FC2300219799 /* Debug */,
				D6FDF37D2217FC2300219799 /* Release */,
			);
			defaultConfigurationIsVisible = 0;
			defaultConfigurationName = Release;
		};
		D6FDF37E2217FC2300219799 /* Build configuration list for PBXNativeTarget "GHWaterFallLabelDemo" */ = {
			isa = XCConfigurationList;
			buildConfigurations = (
				D6FDF37F2217FC2300219799 /* Debug */,
				D6FDF3802217FC2300219799 /* Release */,
			);
			defaultConfigurationIsVisible = 0;
			defaultConfigurationName = Release;
		};
/* End XCConfigurationList section */
	};
	rootObject = D6FDF3602217FC2100219799 /* Project object */;
}
